<Solution>
  <Folder Name="/Solution Items/">
    <File Path=".editorconfig" />
    <File Path=".gitignore" />
    <File Path="Directory.Build.props" />
    <File Path="Directory.Packages.props" />
  </Folder>
  <Folder Name="/UI/">
    <Project Path="UI/UI.Common/UI.Common.csproj" />
    <Project Path="UI/UI.Wpf/UI.Wpf.csproj" />
  </Folder>
</Solution>
