
Microsoft Visual Studio Solution File, Format Version 12.00
# Visual Studio Version 17
VisualStudioVersion = 17.0.31903.59
MinimumVisualStudioVersion = 10.0.40219.1
Project("{9A19103F-16F7-4668-BE54-9A1E7A4F7556}") = "M01_Grundlagen", "M001\M001_Grundlagen_Demo\M01_Grundlagen.csproj", "{D94D3350-89E4-4C23-9AFE-30CD38CD7A8E}"
EndProject
Project("{9A19103F-16F7-4668-BE54-9A1E7A4F7556}") = "M02_Controls", "M002\M002_Controls_Demo\M02_Controls.csproj", "{5DE74694-5273-47C6-851E-4DFCCD95C2CA}"
EndProject
Project("{9A19103F-16F7-4668-BE54-9A1E7A4F7556}") = "M03_Container", "M003\M003_Layoutcontainer_Demo\M03_Container.csproj", "{C971B076-5CB3-4C75-BB9E-3D8FF409BE25}"
EndProject
Project("{9A19103F-16F7-4668-BE54-9A1E7A4F7556}") = "M04_EventRouting", "M004\M004_EventRouting_Demo\M04_EventRouting.csproj", "{6EBAF190-1B44-4376-9145-80BD4AB02649}"
EndProject
Project("{9A19103F-16F7-4668-BE54-9A1E7A4F7556}") = "M05_PropertyBinding", "M005\M005_PropertyBinding_Demo\M05_PropertyBinding.csproj", "{6E3D2873-5478-49B1-99D0-4B0A595DC772}"
EndProject
Project("{9A19103F-16F7-4668-BE54-9A1E7A4F7556}") = "M06_DataBinding", "M006\M006_DataBinding_Demo\M06_DataBinding.csproj", "{6FA04872-179E-432A-9981-EC41FBE44659}"
EndProject
Project("{9A19103F-16F7-4668-BE54-9A1E7A4F7556}") = "M07_Resources_Styles", "M007\M007_Resources_Styles_Demo\M07_Resources_Styles.csproj", "{85ACC8C1-B97E-46C7-A6E6-D9418BFEFFAB}"
EndProject
Project("{9A19103F-16F7-4668-BE54-9A1E7A4F7556}") = "M08_Templates", "M008\M008_Templates_Demo\M08_Templates.csproj", "{D472AB15-0D27-434C-A38C-03401DA3FC7C}"
EndProject
Project("{9A19103F-16F7-4668-BE54-9A1E7A4F7556}") = "M09_Validation", "M009\M009_Validation_Demo\M09_Validation.csproj", "{5A521900-BB03-4B18-8DCA-ED1D58434E48}"
EndProject
Project("{9A19103F-16F7-4668-BE54-9A1E7A4F7556}") = "Lab10_Loesung", "M010\M010_Trigger_LabLoesung\Lab10_Loesung.csproj", "{93747BAA-AE3E-46FF-AB41-10AE08B556B9}"
EndProject
Project("{9A19103F-16F7-4668-BE54-9A1E7A4F7556}") = "M10_Trigger", "M010\M010_Trigger_Demo\M10_Trigger.csproj", "{E420029B-2A44-42BA-A2C1-E4634BE4260B}"
EndProject
Project("{9A19103F-16F7-4668-BE54-9A1E7A4F7556}") = "M11_UserControls", "M011\M011_UserControls_Demo\M11_UserControls.csproj", "{F65E8E5B-950A-4B77-B60B-351DB1B4220F}"
EndProject
Project("{9A19103F-16F7-4668-BE54-9A1E7A4F7556}") = "M12_RelativeSources", "M012\M012_RelativeSources_Demo\M12_RelativeSources.csproj", "{21FC67A3-0DAE-4C88-91AE-9271C04FE14A}"
EndProject
Project("{9A19103F-16F7-4668-BE54-9A1E7A4F7556}") = "M13_Commands", "M013\M013_Commands_Demo\M13_Commands.csproj", "{0B0FBC5D-C956-4702-9EA5-CB93E957ED92}"
EndProject
Project("{9A19103F-16F7-4668-BE54-9A1E7A4F7556}") = "M14_MVVM", "M014\M014_MVVM_Demo\M14_MVVM.csproj", "{7DCE941C-5CD8-4ACC-B10D-4E394B9079A7}"
EndProject
Project("{9A19103F-16F7-4668-BE54-9A1E7A4F7556}") = "M15_Localisation", "M015\M015_Localisation_Demo\M15_Localisation.csproj", "{367102B6-AB43-43EC-AC51-F28C8F2A663E}"
EndProject
Project("{9A19103F-16F7-4668-BE54-9A1E7A4F7556}") = "M16_Animations", "M016\M016_Animations_Demo\M16_Animations.csproj", "{CFE1BD49-EE00-4796-871A-9CEB1570158F}"
EndProject
Project("{9A19103F-16F7-4668-BE54-9A1E7A4F7556}") = "Lab15_Loesung", "M015\M015_Localisation_LabLoesung\Lab15_Loesung.csproj", "{30D13C98-DD85-4A33-A268-B64E27175404}"
EndProject
Project("{9A19103F-16F7-4668-BE54-9A1E7A4F7556}") = "Lab14_Loesung", "M014\M014_MVVM_LabLoesung\Lab14_Loesung.csproj", "{CCBF625B-F7A9-4136-BFC7-7DB7D8A4D13B}"
EndProject
Project("{9A19103F-16F7-4668-BE54-9A1E7A4F7556}") = "Lab12_Loesung", "M012\M012_RelativeSources_LabLoesung\Lab12_Loesung.csproj", "{24758F4E-331D-4681-BDFC-C93C67A07794}"
EndProject
Project("{9A19103F-16F7-4668-BE54-9A1E7A4F7556}") = "Lab11_Loesung_01", "M011\M011_UserControls_LabLoesung_01\Lab11_Loesung_01.csproj", "{6D898253-D2B6-473D-96B0-06656F403693}"
EndProject
Project("{9A19103F-16F7-4668-BE54-9A1E7A4F7556}") = "Lab11_Loesung_02", "M011\M011_UserControls_LabLoesung_02\Lab11_Loesung_02.csproj", "{15349C17-6B6A-4D4F-8A5E-2982796B3A3B}"
EndProject
Project("{9A19103F-16F7-4668-BE54-9A1E7A4F7556}") = "Lab09_Loesung", "M009\M009_Validation_LabLoesung\Lab09_Loesung.csproj", "{A0514F6D-D378-47C3-A843-B7070D2493CF}"
EndProject
Project("{9A19103F-16F7-4668-BE54-9A1E7A4F7556}") = "Lab08_Loesung", "M008\M008_Templates_LabLoesung\Lab08_Loesung.csproj", "{87655B81-CF8C-4676-B40F-EC0FA91A2C7B}"
EndProject
Project("{9A19103F-16F7-4668-BE54-9A1E7A4F7556}") = "Lab07_Loesung", "M007\M007_ResourcesStyles_LabLoesung\Lab07_Loesung.csproj", "{413883F8-4AA7-4F2E-99D5-3DCA0F33D630}"
EndProject
Project("{9A19103F-16F7-4668-BE54-9A1E7A4F7556}") = "Lab06_Loesung", "M006\M006_DataBinding_LabLoesung\Lab06_Loesung.csproj", "{EA6BA86F-8686-4CD1-BD4F-217F4E087467}"
EndProject
Project("{9A19103F-16F7-4668-BE54-9A1E7A4F7556}") = "Lab05_Loesung", "M005\M005_PropertyBinding_LabLoesung\Lab05_Loesung.csproj", "{E4B90205-7213-4426-A52A-D2745C5329DB}"
EndProject
Project("{9A19103F-16F7-4668-BE54-9A1E7A4F7556}") = "Lab04_Loesung", "M004\M004_EventRouting_LabLoesung\Lab04_Loesung.csproj", "{21E297AE-9DBF-447E-A952-B802D18B8B1A}"
EndProject
Project("{9A19103F-16F7-4668-BE54-9A1E7A4F7556}") = "Lab03_Loesung", "M003\M003_Layoutcontainer_LabLoesung\Lab03_Loesung.csproj", "{713EB645-3E68-41D3-B1FC-B2E3B5B54DF8}"
EndProject
Project("{9A19103F-16F7-4668-BE54-9A1E7A4F7556}") = "Lab02_Loesung", "M002\M002_Controls_LabLoesung\Lab02_Loesung.csproj", "{37B3B79A-AA60-49E5-B944-B3DDDDF747CD}"
EndProject
Project("{9A19103F-16F7-4668-BE54-9A1E7A4F7556}") = "Lab16_Loesung", "M016\M016_Animations_LabLoesung\Lab16_Loesung.csproj", "{68A7B7BC-C650-45AB-B644-4C911CA3BA0D}"
EndProject
Project("{2150E333-8FDC-42A3-9474-1A3956D46DE8}") = "OptionaleModule", "OptionaleModule", "{7145EFF4-85F4-4DC1-8D24-F84F3A2D9851}"
EndProject
Project("{9A19103F-16F7-4668-BE54-9A1E7A4F7556}") = "M22_3dRendering_optional", "OptionaleModule\3dRendering\M22_3dRendering_optional.csproj", "{61C90636-C080-477E-803A-0A0F5DECEDBD}"
EndProject
Project("{9A19103F-16F7-4668-BE54-9A1E7A4F7556}") = "M24_Behaviors_optional", "OptionaleModule\Behaviors\M24_Behaviors_optional.csproj", "{68422B36-9F81-483E-B5B1-FA5C6C653DC0}"
EndProject
Project("{9A19103F-16F7-4668-BE54-9A1E7A4F7556}") = "M21_CustomControls_optional", "OptionaleModule\CustomControls\M21_CustomControls_optional.csproj", "{D6ED5A46-90FA-40B1-8DC8-D3443D4050A0}"
EndProject
Project("{9A19103F-16F7-4668-BE54-9A1E7A4F7556}") = "M20_CustomLayouts_optional", "OptionaleModule\CustomLayouts\M20_CustomLayouts_optional.csproj", "{9AED5A03-BCD8-49D9-B093-4D67A43C95B3}"
EndProject
Project("{9A19103F-16F7-4668-BE54-9A1E7A4F7556}") = "DrawLine", "OptionaleModule\DrawLine\DrawLine.csproj", "{DCEEC1E7-3015-47C7-8333-4AC31B130D48}"
EndProject
Project("{9A19103F-16F7-4668-BE54-9A1E7A4F7556}") = "M17_Adorner_optional", "OptionaleModule\M017_Adorner_(optional)\M17_Adorner_optional.csproj", "{DB8F949E-FA08-4340-93AD-39ADE35537FE}"
EndProject
Project("{9A19103F-16F7-4668-BE54-9A1E7A4F7556}") = "M18_Multithreading_optional", "OptionaleModule\Multithreading\M18_Multithreading_optional.csproj", "{A840E8CD-F727-41E9-A50F-A3939117BA0D}"
EndProject
Project("{9A19103F-16F7-4668-BE54-9A1E7A4F7556}") = "M19_MultiTouch_optional", "OptionaleModule\MultiTouch\M19_MultiTouch_optional.csproj", "{385C95EB-680A-428B-BF79-CF05DD9E63A8}"
EndProject
Project("{9A19103F-16F7-4668-BE54-9A1E7A4F7556}") = "Spielwiese", "OptionaleModule\Spielwiese\Spielwiese.csproj", "{917537A2-4106-4B08-962D-690F0F8E3785}"
EndProject
Project("{9A19103F-16F7-4668-BE54-9A1E7A4F7556}") = "WPF_INHOUSE_230724_LAB", "OptionaleModule\WPF_INHOUSE_230724_LAB\WPF_INHOUSE_230724_LAB.csproj", "{F4A0B53D-CB24-4D47-B81F-503D6031D75A}"
EndProject
Global
	GlobalSection(SolutionConfigurationPlatforms) = preSolution
		Debug|Any CPU = Debug|Any CPU
		Release|Any CPU = Release|Any CPU
	EndGlobalSection
	GlobalSection(ProjectConfigurationPlatforms) = postSolution
		{D94D3350-89E4-4C23-9AFE-30CD38CD7A8E}.Debug|Any CPU.ActiveCfg = Debug|Any CPU
		{D94D3350-89E4-4C23-9AFE-30CD38CD7A8E}.Debug|Any CPU.Build.0 = Debug|Any CPU
		{D94D3350-89E4-4C23-9AFE-30CD38CD7A8E}.Release|Any CPU.ActiveCfg = Release|Any CPU
		{D94D3350-89E4-4C23-9AFE-30CD38CD7A8E}.Release|Any CPU.Build.0 = Release|Any CPU
		{5DE74694-5273-47C6-851E-4DFCCD95C2CA}.Debug|Any CPU.ActiveCfg = Debug|Any CPU
		{5DE74694-5273-47C6-851E-4DFCCD95C2CA}.Debug|Any CPU.Build.0 = Debug|Any CPU
		{5DE74694-5273-47C6-851E-4DFCCD95C2CA}.Release|Any CPU.ActiveCfg = Release|Any CPU
		{5DE74694-5273-47C6-851E-4DFCCD95C2CA}.Release|Any CPU.Build.0 = Release|Any CPU
		{C971B076-5CB3-4C75-BB9E-3D8FF409BE25}.Debug|Any CPU.ActiveCfg = Debug|Any CPU
		{C971B076-5CB3-4C75-BB9E-3D8FF409BE25}.Debug|Any CPU.Build.0 = Debug|Any CPU
		{C971B076-5CB3-4C75-BB9E-3D8FF409BE25}.Release|Any CPU.ActiveCfg = Release|Any CPU
		{C971B076-5CB3-4C75-BB9E-3D8FF409BE25}.Release|Any CPU.Build.0 = Release|Any CPU
		{6EBAF190-1B44-4376-9145-80BD4AB02649}.Debug|Any CPU.ActiveCfg = Debug|Any CPU
		{6EBAF190-1B44-4376-9145-80BD4AB02649}.Debug|Any CPU.Build.0 = Debug|Any CPU
		{6EBAF190-1B44-4376-9145-80BD4AB02649}.Release|Any CPU.ActiveCfg = Release|Any CPU
		{6EBAF190-1B44-4376-9145-80BD4AB02649}.Release|Any CPU.Build.0 = Release|Any CPU
		{6E3D2873-5478-49B1-99D0-4B0A595DC772}.Debug|Any CPU.ActiveCfg = Debug|Any CPU
		{6E3D2873-5478-49B1-99D0-4B0A595DC772}.Debug|Any CPU.Build.0 = Debug|Any CPU
		{6E3D2873-5478-49B1-99D0-4B0A595DC772}.Release|Any CPU.ActiveCfg = Release|Any CPU
		{6E3D2873-5478-49B1-99D0-4B0A595DC772}.Release|Any CPU.Build.0 = Release|Any CPU
		{6FA04872-179E-432A-9981-EC41FBE44659}.Debug|Any CPU.ActiveCfg = Debug|Any CPU
		{6FA04872-179E-432A-9981-EC41FBE44659}.Debug|Any CPU.Build.0 = Debug|Any CPU
		{6FA04872-179E-432A-9981-EC41FBE44659}.Release|Any CPU.ActiveCfg = Release|Any CPU
		{6FA04872-179E-432A-9981-EC41FBE44659}.Release|Any CPU.Build.0 = Release|Any CPU
		{85ACC8C1-B97E-46C7-A6E6-D9418BFEFFAB}.Debug|Any CPU.ActiveCfg = Debug|Any CPU
		{85ACC8C1-B97E-46C7-A6E6-D9418BFEFFAB}.Debug|Any CPU.Build.0 = Debug|Any CPU
		{85ACC8C1-B97E-46C7-A6E6-D9418BFEFFAB}.Release|Any CPU.ActiveCfg = Release|Any CPU
		{85ACC8C1-B97E-46C7-A6E6-D9418BFEFFAB}.Release|Any CPU.Build.0 = Release|Any CPU
		{D472AB15-0D27-434C-A38C-03401DA3FC7C}.Debug|Any CPU.ActiveCfg = Debug|Any CPU
		{D472AB15-0D27-434C-A38C-03401DA3FC7C}.Debug|Any CPU.Build.0 = Debug|Any CPU
		{D472AB15-0D27-434C-A38C-03401DA3FC7C}.Release|Any CPU.ActiveCfg = Release|Any CPU
		{D472AB15-0D27-434C-A38C-03401DA3FC7C}.Release|Any CPU.Build.0 = Release|Any CPU
		{5A521900-BB03-4B18-8DCA-ED1D58434E48}.Debug|Any CPU.ActiveCfg = Debug|Any CPU
		{5A521900-BB03-4B18-8DCA-ED1D58434E48}.Debug|Any CPU.Build.0 = Debug|Any CPU
		{5A521900-BB03-4B18-8DCA-ED1D58434E48}.Release|Any CPU.ActiveCfg = Release|Any CPU
		{5A521900-BB03-4B18-8DCA-ED1D58434E48}.Release|Any CPU.Build.0 = Release|Any CPU
		{93747BAA-AE3E-46FF-AB41-10AE08B556B9}.Debug|Any CPU.ActiveCfg = Debug|Any CPU
		{93747BAA-AE3E-46FF-AB41-10AE08B556B9}.Debug|Any CPU.Build.0 = Debug|Any CPU
		{93747BAA-AE3E-46FF-AB41-10AE08B556B9}.Release|Any CPU.ActiveCfg = Release|Any CPU
		{93747BAA-AE3E-46FF-AB41-10AE08B556B9}.Release|Any CPU.Build.0 = Release|Any CPU
		{E420029B-2A44-42BA-A2C1-E4634BE4260B}.Debug|Any CPU.ActiveCfg = Debug|Any CPU
		{E420029B-2A44-42BA-A2C1-E4634BE4260B}.Debug|Any CPU.Build.0 = Debug|Any CPU
		{E420029B-2A44-42BA-A2C1-E4634BE4260B}.Release|Any CPU.ActiveCfg = Release|Any CPU
		{E420029B-2A44-42BA-A2C1-E4634BE4260B}.Release|Any CPU.Build.0 = Release|Any CPU
		{F65E8E5B-950A-4B77-B60B-351DB1B4220F}.Debug|Any CPU.ActiveCfg = Debug|Any CPU
		{F65E8E5B-950A-4B77-B60B-351DB1B4220F}.Debug|Any CPU.Build.0 = Debug|Any CPU
		{F65E8E5B-950A-4B77-B60B-351DB1B4220F}.Release|Any CPU.ActiveCfg = Release|Any CPU
		{F65E8E5B-950A-4B77-B60B-351DB1B4220F}.Release|Any CPU.Build.0 = Release|Any CPU
		{21FC67A3-0DAE-4C88-91AE-9271C04FE14A}.Debug|Any CPU.ActiveCfg = Debug|Any CPU
		{21FC67A3-0DAE-4C88-91AE-9271C04FE14A}.Debug|Any CPU.Build.0 = Debug|Any CPU
		{21FC67A3-0DAE-4C88-91AE-9271C04FE14A}.Release|Any CPU.ActiveCfg = Release|Any CPU
		{21FC67A3-0DAE-4C88-91AE-9271C04FE14A}.Release|Any CPU.Build.0 = Release|Any CPU
		{0B0FBC5D-C956-4702-9EA5-CB93E957ED92}.Debug|Any CPU.ActiveCfg = Debug|Any CPU
		{0B0FBC5D-C956-4702-9EA5-CB93E957ED92}.Debug|Any CPU.Build.0 = Debug|Any CPU
		{0B0FBC5D-C956-4702-9EA5-CB93E957ED92}.Release|Any CPU.ActiveCfg = Release|Any CPU
		{0B0FBC5D-C956-4702-9EA5-CB93E957ED92}.Release|Any CPU.Build.0 = Release|Any CPU
		{7DCE941C-5CD8-4ACC-B10D-4E394B9079A7}.Debug|Any CPU.ActiveCfg = Debug|Any CPU
		{7DCE941C-5CD8-4ACC-B10D-4E394B9079A7}.Debug|Any CPU.Build.0 = Debug|Any CPU
		{7DCE941C-5CD8-4ACC-B10D-4E394B9079A7}.Release|Any CPU.ActiveCfg = Release|Any CPU
		{7DCE941C-5CD8-4ACC-B10D-4E394B9079A7}.Release|Any CPU.Build.0 = Release|Any CPU
		{367102B6-AB43-43EC-AC51-F28C8F2A663E}.Debug|Any CPU.ActiveCfg = Debug|Any CPU
		{367102B6-AB43-43EC-AC51-F28C8F2A663E}.Debug|Any CPU.Build.0 = Debug|Any CPU
		{367102B6-AB43-43EC-AC51-F28C8F2A663E}.Release|Any CPU.ActiveCfg = Release|Any CPU
		{367102B6-AB43-43EC-AC51-F28C8F2A663E}.Release|Any CPU.Build.0 = Release|Any CPU
		{CFE1BD49-EE00-4796-871A-9CEB1570158F}.Debug|Any CPU.ActiveCfg = Debug|Any CPU
		{CFE1BD49-EE00-4796-871A-9CEB1570158F}.Debug|Any CPU.Build.0 = Debug|Any CPU
		{CFE1BD49-EE00-4796-871A-9CEB1570158F}.Release|Any CPU.ActiveCfg = Release|Any CPU
		{CFE1BD49-EE00-4796-871A-9CEB1570158F}.Release|Any CPU.Build.0 = Release|Any CPU
		{30D13C98-DD85-4A33-A268-B64E27175404}.Debug|Any CPU.ActiveCfg = Debug|Any CPU
		{30D13C98-DD85-4A33-A268-B64E27175404}.Debug|Any CPU.Build.0 = Debug|Any CPU
		{30D13C98-DD85-4A33-A268-B64E27175404}.Release|Any CPU.ActiveCfg = Release|Any CPU
		{30D13C98-DD85-4A33-A268-B64E27175404}.Release|Any CPU.Build.0 = Release|Any CPU
		{CCBF625B-F7A9-4136-BFC7-7DB7D8A4D13B}.Debug|Any CPU.ActiveCfg = Debug|Any CPU
		{CCBF625B-F7A9-4136-BFC7-7DB7D8A4D13B}.Debug|Any CPU.Build.0 = Debug|Any CPU
		{CCBF625B-F7A9-4136-BFC7-7DB7D8A4D13B}.Release|Any CPU.ActiveCfg = Release|Any CPU
		{CCBF625B-F7A9-4136-BFC7-7DB7D8A4D13B}.Release|Any CPU.Build.0 = Release|Any CPU
		{24758F4E-331D-4681-BDFC-C93C67A07794}.Debug|Any CPU.ActiveCfg = Debug|Any CPU
		{24758F4E-331D-4681-BDFC-C93C67A07794}.Debug|Any CPU.Build.0 = Debug|Any CPU
		{24758F4E-331D-4681-BDFC-C93C67A07794}.Release|Any CPU.ActiveCfg = Release|Any CPU
		{24758F4E-331D-4681-BDFC-C93C67A07794}.Release|Any CPU.Build.0 = Release|Any CPU
		{6D898253-D2B6-473D-96B0-06656F403693}.Debug|Any CPU.ActiveCfg = Debug|Any CPU
		{6D898253-D2B6-473D-96B0-06656F403693}.Debug|Any CPU.Build.0 = Debug|Any CPU
		{6D898253-D2B6-473D-96B0-06656F403693}.Release|Any CPU.ActiveCfg = Release|Any CPU
		{6D898253-D2B6-473D-96B0-06656F403693}.Release|Any CPU.Build.0 = Release|Any CPU
		{15349C17-6B6A-4D4F-8A5E-2982796B3A3B}.Debug|Any CPU.ActiveCfg = Debug|Any CPU
		{15349C17-6B6A-4D4F-8A5E-2982796B3A3B}.Debug|Any CPU.Build.0 = Debug|Any CPU
		{15349C17-6B6A-4D4F-8A5E-2982796B3A3B}.Release|Any CPU.ActiveCfg = Release|Any CPU
		{15349C17-6B6A-4D4F-8A5E-2982796B3A3B}.Release|Any CPU.Build.0 = Release|Any CPU
		{A0514F6D-D378-47C3-A843-B7070D2493CF}.Debug|Any CPU.ActiveCfg = Debug|Any CPU
		{A0514F6D-D378-47C3-A843-B7070D2493CF}.Debug|Any CPU.Build.0 = Debug|Any CPU
		{A0514F6D-D378-47C3-A843-B7070D2493CF}.Release|Any CPU.ActiveCfg = Release|Any CPU
		{A0514F6D-D378-47C3-A843-B7070D2493CF}.Release|Any CPU.Build.0 = Release|Any CPU
		{87655B81-CF8C-4676-B40F-EC0FA91A2C7B}.Debug|Any CPU.ActiveCfg = Debug|Any CPU
		{87655B81-CF8C-4676-B40F-EC0FA91A2C7B}.Debug|Any CPU.Build.0 = Debug|Any CPU
		{87655B81-CF8C-4676-B40F-EC0FA91A2C7B}.Release|Any CPU.ActiveCfg = Release|Any CPU
		{87655B81-CF8C-4676-B40F-EC0FA91A2C7B}.Release|Any CPU.Build.0 = Release|Any CPU
		{413883F8-4AA7-4F2E-99D5-3DCA0F33D630}.Debug|Any CPU.ActiveCfg = Debug|Any CPU
		{413883F8-4AA7-4F2E-99D5-3DCA0F33D630}.Debug|Any CPU.Build.0 = Debug|Any CPU
		{413883F8-4AA7-4F2E-99D5-3DCA0F33D630}.Release|Any CPU.ActiveCfg = Release|Any CPU
		{413883F8-4AA7-4F2E-99D5-3DCA0F33D630}.Release|Any CPU.Build.0 = Release|Any CPU
		{EA6BA86F-8686-4CD1-BD4F-217F4E087467}.Debug|Any CPU.ActiveCfg = Debug|Any CPU
		{EA6BA86F-8686-4CD1-BD4F-217F4E087467}.Debug|Any CPU.Build.0 = Debug|Any CPU
		{EA6BA86F-8686-4CD1-BD4F-217F4E087467}.Release|Any CPU.ActiveCfg = Release|Any CPU
		{EA6BA86F-8686-4CD1-BD4F-217F4E087467}.Release|Any CPU.Build.0 = Release|Any CPU
		{E4B90205-7213-4426-A52A-D2745C5329DB}.Debug|Any CPU.ActiveCfg = Debug|Any CPU
		{E4B90205-7213-4426-A52A-D2745C5329DB}.Debug|Any CPU.Build.0 = Debug|Any CPU
		{E4B90205-7213-4426-A52A-D2745C5329DB}.Release|Any CPU.ActiveCfg = Release|Any CPU
		{E4B90205-7213-4426-A52A-D2745C5329DB}.Release|Any CPU.Build.0 = Release|Any CPU
		{21E297AE-9DBF-447E-A952-B802D18B8B1A}.Debug|Any CPU.ActiveCfg = Debug|Any CPU
		{21E297AE-9DBF-447E-A952-B802D18B8B1A}.Debug|Any CPU.Build.0 = Debug|Any CPU
		{21E297AE-9DBF-447E-A952-B802D18B8B1A}.Release|Any CPU.ActiveCfg = Release|Any CPU
		{21E297AE-9DBF-447E-A952-B802D18B8B1A}.Release|Any CPU.Build.0 = Release|Any CPU
		{713EB645-3E68-41D3-B1FC-B2E3B5B54DF8}.Debug|Any CPU.ActiveCfg = Debug|Any CPU
		{713EB645-3E68-41D3-B1FC-B2E3B5B54DF8}.Debug|Any CPU.Build.0 = Debug|Any CPU
		{713EB645-3E68-41D3-B1FC-B2E3B5B54DF8}.Release|Any CPU.ActiveCfg = Release|Any CPU
		{713EB645-3E68-41D3-B1FC-B2E3B5B54DF8}.Release|Any CPU.Build.0 = Release|Any CPU
		{37B3B79A-AA60-49E5-B944-B3DDDDF747CD}.Debug|Any CPU.ActiveCfg = Debug|Any CPU
		{37B3B79A-AA60-49E5-B944-B3DDDDF747CD}.Debug|Any CPU.Build.0 = Debug|Any CPU
		{37B3B79A-AA60-49E5-B944-B3DDDDF747CD}.Release|Any CPU.ActiveCfg = Release|Any CPU
		{37B3B79A-AA60-49E5-B944-B3DDDDF747CD}.Release|Any CPU.Build.0 = Release|Any CPU
		{68A7B7BC-C650-45AB-B644-4C911CA3BA0D}.Debug|Any CPU.ActiveCfg = Debug|Any CPU
		{68A7B7BC-C650-45AB-B644-4C911CA3BA0D}.Debug|Any CPU.Build.0 = Debug|Any CPU
		{68A7B7BC-C650-45AB-B644-4C911CA3BA0D}.Release|Any CPU.ActiveCfg = Release|Any CPU
		{68A7B7BC-C650-45AB-B644-4C911CA3BA0D}.Release|Any CPU.Build.0 = Release|Any CPU
		{61C90636-C080-477E-803A-0A0F5DECEDBD}.Debug|Any CPU.ActiveCfg = Debug|Any CPU
		{61C90636-C080-477E-803A-0A0F5DECEDBD}.Debug|Any CPU.Build.0 = Debug|Any CPU
		{61C90636-C080-477E-803A-0A0F5DECEDBD}.Release|Any CPU.ActiveCfg = Release|Any CPU
		{61C90636-C080-477E-803A-0A0F5DECEDBD}.Release|Any CPU.Build.0 = Release|Any CPU
		{68422B36-9F81-483E-B5B1-FA5C6C653DC0}.Debug|Any CPU.ActiveCfg = Debug|Any CPU
		{68422B36-9F81-483E-B5B1-FA5C6C653DC0}.Debug|Any CPU.Build.0 = Debug|Any CPU
		{68422B36-9F81-483E-B5B1-FA5C6C653DC0}.Release|Any CPU.ActiveCfg = Release|Any CPU
		{68422B36-9F81-483E-B5B1-FA5C6C653DC0}.Release|Any CPU.Build.0 = Release|Any CPU
		{D6ED5A46-90FA-40B1-8DC8-D3443D4050A0}.Debug|Any CPU.ActiveCfg = Debug|Any CPU
		{D6ED5A46-90FA-40B1-8DC8-D3443D4050A0}.Debug|Any CPU.Build.0 = Debug|Any CPU
		{D6ED5A46-90FA-40B1-8DC8-D3443D4050A0}.Release|Any CPU.ActiveCfg = Release|Any CPU
		{D6ED5A46-90FA-40B1-8DC8-D3443D4050A0}.Release|Any CPU.Build.0 = Release|Any CPU
		{9AED5A03-BCD8-49D9-B093-4D67A43C95B3}.Debug|Any CPU.ActiveCfg = Debug|Any CPU
		{9AED5A03-BCD8-49D9-B093-4D67A43C95B3}.Debug|Any CPU.Build.0 = Debug|Any CPU
		{9AED5A03-BCD8-49D9-B093-4D67A43C95B3}.Release|Any CPU.ActiveCfg = Release|Any CPU
		{9AED5A03-BCD8-49D9-B093-4D67A43C95B3}.Release|Any CPU.Build.0 = Release|Any CPU
		{DCEEC1E7-3015-47C7-8333-4AC31B130D48}.Debug|Any CPU.ActiveCfg = Debug|Any CPU
		{DCEEC1E7-3015-47C7-8333-4AC31B130D48}.Debug|Any CPU.Build.0 = Debug|Any CPU
		{DCEEC1E7-3015-47C7-8333-4AC31B130D48}.Release|Any CPU.ActiveCfg = Release|Any CPU
		{DCEEC1E7-3015-47C7-8333-4AC31B130D48}.Release|Any CPU.Build.0 = Release|Any CPU
		{DB8F949E-FA08-4340-93AD-39ADE35537FE}.Debug|Any CPU.ActiveCfg = Debug|Any CPU
		{DB8F949E-FA08-4340-93AD-39ADE35537FE}.Debug|Any CPU.Build.0 = Debug|Any CPU
		{DB8F949E-FA08-4340-93AD-39ADE35537FE}.Release|Any CPU.ActiveCfg = Release|Any CPU
		{DB8F949E-FA08-4340-93AD-39ADE35537FE}.Release|Any CPU.Build.0 = Release|Any CPU
		{A840E8CD-F727-41E9-A50F-A3939117BA0D}.Debug|Any CPU.ActiveCfg = Debug|Any CPU
		{A840E8CD-F727-41E9-A50F-A3939117BA0D}.Debug|Any CPU.Build.0 = Debug|Any CPU
		{A840E8CD-F727-41E9-A50F-A3939117BA0D}.Release|Any CPU.ActiveCfg = Release|Any CPU
		{A840E8CD-F727-41E9-A50F-A3939117BA0D}.Release|Any CPU.Build.0 = Release|Any CPU
		{385C95EB-680A-428B-BF79-CF05DD9E63A8}.Debug|Any CPU.ActiveCfg = Debug|Any CPU
		{385C95EB-680A-428B-BF79-CF05DD9E63A8}.Debug|Any CPU.Build.0 = Debug|Any CPU
		{385C95EB-680A-428B-BF79-CF05DD9E63A8}.Release|Any CPU.ActiveCfg = Release|Any CPU
		{385C95EB-680A-428B-BF79-CF05DD9E63A8}.Release|Any CPU.Build.0 = Release|Any CPU
		{917537A2-4106-4B08-962D-690F0F8E3785}.Debug|Any CPU.ActiveCfg = Debug|Any CPU
		{917537A2-4106-4B08-962D-690F0F8E3785}.Debug|Any CPU.Build.0 = Debug|Any CPU
		{917537A2-4106-4B08-962D-690F0F8E3785}.Release|Any CPU.ActiveCfg = Release|Any CPU
		{917537A2-4106-4B08-962D-690F0F8E3785}.Release|Any CPU.Build.0 = Release|Any CPU
		{F4A0B53D-CB24-4D47-B81F-503D6031D75A}.Debug|Any CPU.ActiveCfg = Debug|Any CPU
		{F4A0B53D-CB24-4D47-B81F-503D6031D75A}.Debug|Any CPU.Build.0 = Debug|Any CPU
		{F4A0B53D-CB24-4D47-B81F-503D6031D75A}.Release|Any CPU.ActiveCfg = Release|Any CPU
		{F4A0B53D-CB24-4D47-B81F-503D6031D75A}.Release|Any CPU.Build.0 = Release|Any CPU
	EndGlobalSection
	GlobalSection(SolutionProperties) = preSolution
		HideSolutionNode = FALSE
	EndGlobalSection
	GlobalSection(NestedProjects) = preSolution
		{61C90636-C080-477E-803A-0A0F5DECEDBD} = {7145EFF4-85F4-4DC1-8D24-F84F3A2D9851}
		{68422B36-9F81-483E-B5B1-FA5C6C653DC0} = {7145EFF4-85F4-4DC1-8D24-F84F3A2D9851}
		{D6ED5A46-90FA-40B1-8DC8-D3443D4050A0} = {7145EFF4-85F4-4DC1-8D24-F84F3A2D9851}
		{9AED5A03-BCD8-49D9-B093-4D67A43C95B3} = {7145EFF4-85F4-4DC1-8D24-F84F3A2D9851}
		{DCEEC1E7-3015-47C7-8333-4AC31B130D48} = {7145EFF4-85F4-4DC1-8D24-F84F3A2D9851}
		{DB8F949E-FA08-4340-93AD-39ADE35537FE} = {7145EFF4-85F4-4DC1-8D24-F84F3A2D9851}
		{A840E8CD-F727-41E9-A50F-A3939117BA0D} = {7145EFF4-85F4-4DC1-8D24-F84F3A2D9851}
		{385C95EB-680A-428B-BF79-CF05DD9E63A8} = {7145EFF4-85F4-4DC1-8D24-F84F3A2D9851}
		{917537A2-4106-4B08-962D-690F0F8E3785} = {7145EFF4-85F4-4DC1-8D24-F84F3A2D9851}
		{F4A0B53D-CB24-4D47-B81F-503D6031D75A} = {7145EFF4-85F4-4DC1-8D24-F84F3A2D9851}
	EndGlobalSection
	GlobalSection(ExtensibilityGlobals) = postSolution
		SolutionGuid = {66181A9F-D1F8-44D5-A364-710867D2B030}
	EndGlobalSection
EndGlobal
